
Microsoft Visual Studio Solution File, Format Version 12.00
# Visual Studio Version 16
VisualStudioVersion = 16.0.30804.86
MinimumVisualStudioVersion = 10.0.40219.1
Project("{9A19103F-16F7-4668-BE54-9A1E7A4F7556}") = "ArsAfiliados.Api", "ArsAfiliados.Api\ArsAfiliados.Api.csproj", "{B9041AD5-0D10-43CF-8453-82C680A50C4F}"
EndProject
Project("{9A19103F-16F7-4668-BE54-9A1E7A4F7556}") = "ArsAfiliados.Domain", "ArsAfiliados.Domain\ArsAfiliados.Domain.csproj", "{F7357579-B021-4084-9358-ECFAD95F3576}"
EndProject
Project("{9A19103F-16F7-4668-BE54-9A1E7A4F7556}") = "ArsAfiliados.Persistence", "ArsAfiliados.Persistence\ArsAfiliados.Persistence.csproj", "{A0C974AF-7854-4704-AA1D-C1D14775A1A0}"
EndProject
Project("{9A19103F-16F7-4668-BE54-9A1E7A4F7556}") = "ArsAfiliados.Service", "ArsAfiliados.Service\ArsAfiliados.Service.csproj", "{71854DB6-525E-4C77-B23D-4ED58BEB4842}"
EndProject
Project("{9A19103F-16F7-4668-BE54-9A1E7A4F7556}") = "ArsAfiliados.Authentication.Api", "arsAfiliados.Authentication.Api\ArsAfiliados.Authentication.Api.csproj", "{9A608C9D-51E3-423D-B762-9DB007219C7B}"
EndProject
Global
	GlobalSection(SolutionConfigurationPlatforms) = preSolution
		Debug|Any CPU = Debug|Any CPU
		Release|Any CPU = Release|Any CPU
	EndGlobalSection
	GlobalSection(ProjectConfigurationPlatforms) = postSolution
		{B9041AD5-0D10-43CF-8453-82C680A50C4F}.Debug|Any CPU.ActiveCfg = Debug|Any CPU
		{B9041AD5-0D10-43CF-8453-82C680A50C4F}.Debug|Any CPU.Build.0 = Debug|Any CPU
		{B9041AD5-0D10-43CF-8453-82C680A50C4F}.Release|Any CPU.ActiveCfg = Release|Any CPU
		{B9041AD5-0D10-43CF-8453-82C680A50C4F}.Release|Any CPU.Build.0 = Release|Any CPU
		{F7357579-B021-4084-9358-ECFAD95F3576}.Debug|Any CPU.ActiveCfg = Debug|Any CPU
		{F7357579-B021-4084-9358-ECFAD95F3576}.Debug|Any CPU.Build.0 = Debug|Any CPU
		{F7357579-B021-4084-9358-ECFAD95F3576}.Release|Any CPU.ActiveCfg = Release|Any CPU
		{F7357579-B021-4084-9358-ECFAD95F3576}.Release|Any CPU.Build.0 = Release|Any CPU
		{A0C974AF-7854-4704-AA1D-C1D14775A1A0}.Debug|Any CPU.ActiveCfg = Debug|Any CPU
		{A0C974AF-7854-4704-AA1D-C1D14775A1A0}.Debug|Any CPU.Build.0 = Debug|Any CPU
		{A0C974AF-7854-4704-AA1D-C1D14775A1A0}.Release|Any CPU.ActiveCfg = Release|Any CPU
		{A0C974AF-7854-4704-AA1D-C1D14775A1A0}.Release|Any CPU.Build.0 = Release|Any CPU
		{71854DB6-525E-4C77-B23D-4ED58BEB4842}.Debug|Any CPU.ActiveCfg = Debug|Any CPU
		{71854DB6-525E-4C77-B23D-4ED58BEB4842}.Debug|Any CPU.Build.0 = Debug|Any CPU
		{71854DB6-525E-4C77-B23D-4ED58BEB4842}.Release|Any CPU.ActiveCfg = Release|Any CPU
		{71854DB6-525E-4C77-B23D-4ED58BEB4842}.Release|Any CPU.Build.0 = Release|Any CPU
		{9A608C9D-51E3-423D-B762-9DB007219C7B}.Debug|Any CPU.ActiveCfg = Debug|Any CPU
		{9A608C9D-51E3-423D-B762-9DB007219C7B}.Debug|Any CPU.Build.0 = Debug|Any CPU
		{9A608C9D-51E3-423D-B762-9DB007219C7B}.Release|Any CPU.ActiveCfg = Release|Any CPU
		{9A608C9D-51E3-423D-B762-9DB007219C7B}.Release|Any CPU.Build.0 = Release|Any CPU
	EndGlobalSection
	GlobalSection(SolutionProperties) = preSolution
		HideSolutionNode = FALSE
	EndGlobalSection
	GlobalSection(ExtensibilityGlobals) = postSolution
		SolutionGuid = {B8B037B0-B00B-4771-9B7C-4CFA6A431155}
	EndGlobalSection
EndGlobal
